{
  "version": 4,
  "terraform_version": "1.10.0",
  "serial": 48,
  "lineage": "ad862ffb-b64e-1752-67d4-9166f2a99df4",
  "outputs": {},
  "resources": [
    {
      "module": "module.aws",
      "mode": "data",
      "type": "aws_availability_zones",
      "name": "available",
      "provider": "module.aws.provider[\"registry.terraform.io/hashicorp/aws\"]",
      "instances": [
        {
          "schema_version": 0,
          "attributes": {
            "all_availability_zones": null,
            "exclude_names": null,
            "exclude_zone_ids": null,
            "filter": null,
            "group_names": [
              "us-east-1"
            ],
            "id": "us-east-1",
            "names": [
              "us-east-1a",
              "us-east-1b",
              "us-east-1c",
              "us-east-1d",
              "us-east-1e",
              "us-east-1f"
            ],
            "state": null,
            "timeouts": null,
            "zone_ids": [
              "use1-az4",
              "use1-az6",
              "use1-az1",
              "use1-az2",
              "use1-az3",
              "use1-az5"
            ]
          },
          "sensitive_attributes": []
        }
      ]
    },
    {
      "module": "module.aws",
      "mode": "managed",
      "type": "aws_subnet",
      "name": "public",
      "provider": "module.aws.provider[\"registry.terraform.io/hashicorp/aws\"]",
      "instances": [
        {
          "index_key": 0,
          "schema_version": 1,
          "attributes": {
            "arn": "arn:aws:ec2:us-east-1:871740193993:subnet/subnet-0e37dff9bbd4b6bbf",
            "assign_ipv6_address_on_creation": false,
            "availability_zone": "us-east-1a",
            "availability_zone_id": "use1-az4",
            "cidr_block": "10.0.0.0/24",
            "customer_owned_ipv4_pool": "",
            "enable_dns64": false,
            "enable_lni_at_device_index": 0,
            "enable_resource_name_dns_a_record_on_launch": false,
            "enable_resource_name_dns_aaaa_record_on_launch": false,
            "id": "subnet-0e37dff9bbd4b6bbf",
            "ipv6_cidr_block": "",
            "ipv6_cidr_block_association_id": "",
            "ipv6_native": false,
            "map_customer_owned_ip_on_launch": false,
            "map_public_ip_on_launch": true,
            "outpost_arn": "",
            "owner_id": "871740193993",
            "private_dns_hostname_type_on_launch": "ip-name",
            "tags": {
              "Name": "public-subnet-0"
            },
            "tags_all": {
              "Name": "public-subnet-0"
            },
            "timeouts": null,
            "vpc_id": "vpc-0d73adb856bfa6516"
          },
          "sensitive_attributes": [],
          "private": "eyJlMmJmYjczMC1lY2FhLTExZTYtOGY4OC0zNDM2M2JjN2M0YzAiOnsiY3JlYXRlIjo2MDAwMDAwMDAwMDAsImRlbGV0ZSI6MTIwMDAwMDAwMDAwMH0sInNjaGVtYV92ZXJzaW9uIjoiMSJ9",
          "dependencies": [
            "module.aws.aws_vpc.main",
            "module.aws.data.aws_availability_zones.available"
          ]
        },
        {
          "index_key": 1,
          "schema_version": 1,
          "attributes": {
            "arn": "arn:aws:ec2:us-east-1:871740193993:subnet/subnet-0c9cd340f2e1428c3",
            "assign_ipv6_address_on_creation": false,
            "availability_zone": "us-east-1b",
            "availability_zone_id": "use1-az6",
            "cidr_block": "10.0.1.0/24",
            "customer_owned_ipv4_pool": "",
            "enable_dns64": false,
            "enable_lni_at_device_index": 0,
            "enable_resource_name_dns_a_record_on_launch": false,
            "enable_resource_name_dns_aaaa_record_on_launch": false,
            "id": "subnet-0c9cd340f2e1428c3",
            "ipv6_cidr_block": "",
            "ipv6_cidr_block_association_id": "",
            "ipv6_native": false,
            "map_customer_owned_ip_on_launch": false,
            "map_public_ip_on_launch": true,
            "outpost_arn": "",
            "owner_id": "871740193993",
            "private_dns_hostname_type_on_launch": "ip-name",
            "tags": {
              "Name": "public-subnet-1"
            },
            "tags_all": {
              "Name": "public-subnet-1"
            },
            "timeouts": null,
            "vpc_id": "vpc-0d73adb856bfa6516"
          },
          "sensitive_attributes": [],
          "private": "eyJlMmJmYjczMC1lY2FhLTExZTYtOGY4OC0zNDM2M2JjN2M0YzAiOnsiY3JlYXRlIjo2MDAwMDAwMDAwMDAsImRlbGV0ZSI6MTIwMDAwMDAwMDAwMH0sInNjaGVtYV92ZXJzaW9uIjoiMSJ9",
          "dependencies": [
            "module.aws.aws_vpc.main",
            "module.aws.data.aws_availability_zones.available"
          ]
        }
      ]
    },
    {
      "module": "module.aws",
      "mode": "managed",
      "type": "aws_vpc",
      "name": "main",
      "provider": "module.aws.provider[\"registry.terraform.io/hashicorp/aws\"]",
      "instances": [
        {
          "schema_version": 1,
          "attributes": {
            "arn": "arn:aws:ec2:us-east-1:871740193993:vpc/vpc-0d73adb856bfa6516",
            "assign_generated_ipv6_cidr_block": false,
            "cidr_block": "10.0.0.0/16",
            "default_network_acl_id": "acl-0745bc8cc6f0da2db",
            "default_route_table_id": "rtb-0d1f31ce31e8ed224",
            "default_security_group_id": "sg-031ec610ace3e91ab",
            "dhcp_options_id": "dopt-06322bf6983682e20",
            "enable_dns_hostnames": false,
            "enable_dns_support": true,
            "enable_network_address_usage_metrics": false,
            "id": "vpc-0d73adb856bfa6516",
            "instance_tenancy": "default",
            "ipv4_ipam_pool_id": null,
            "ipv4_netmask_length": null,
            "ipv6_association_id": "",
            "ipv6_cidr_block": "",
            "ipv6_cidr_block_network_border_group": "",
            "ipv6_ipam_pool_id": "",
            "ipv6_netmask_length": 0,
            "main_route_table_id": "rtb-0d1f31ce31e8ed224",
            "owner_id": "871740193993",
            "tags": {
              "Name": "multi-cloud-vpc"
            },
            "tags_all": {
              "Name": "multi-cloud-vpc"
            }
          },
          "sensitive_attributes": [],
          "private": "eyJzY2hlbWFfdmVyc2lvbiI6IjEifQ=="
        }
      ]
    },
    {
      "module": "module.gcp",
      "mode": "managed",
      "type": "google_container_cluster",
      "name": "gke",
      "provider": "module.gcp.provider[\"registry.terraform.io/hashicorp/google\"]",
      "instances": [
        {
          "schema_version": 1,
          "attributes": {
            "addons_config": [
              {
                "cloudrun_config": [],
                "config_connector_config": [],
                "dns_cache_config": [],
                "gce_persistent_disk_csi_driver_config": [
                  {
                    "enabled": true
                  }
                ],
                "gcp_filestore_csi_driver_config": [],
                "gcs_fuse_csi_driver_config": [],
                "gke_backup_agent_config": [],
                "horizontal_pod_autoscaling": [],
                "http_load_balancing": [],
                "network_policy_config": [
                  {
                    "disabled": true
                  }
                ]
              }
            ],
            "allow_net_admin": null,
            "authenticator_groups_config": [],
            "binary_authorization": [
              {
                "enabled": false,
                "evaluation_mode": ""
              }
            ],
            "cluster_autoscaling": [
              {
                "auto_provisioning_defaults": [],
                "enabled": false,
                "resource_limits": []
              }
            ],
            "cluster_ipv4_cidr": "10.32.0.0/14",
            "confidential_nodes": [],
            "cost_management_config": [],
            "database_encryption": [
              {
                "key_name": "",
                "state": "DECRYPTED"
              }
            ],
            "datapath_provider": "",
            "default_max_pods_per_node": null,
            "default_snat_status": [
              {
                "disabled": false
              }
            ],
            "description": "",
            "dns_config": [],
            "enable_autopilot": false,
            "enable_binary_authorization": false,
            "enable_intranode_visibility": false,
            "enable_k8s_beta_apis": [],
            "enable_kubernetes_alpha": false,
            "enable_l4_ilb_subsetting": false,
            "enable_legacy_abac": false,
            "enable_shielded_nodes": true,
            "enable_tpu": false,
            "endpoint": "34.16.13.0",
            "gateway_api_config": [],
            "id": "projects/artful-athlete-443107-k5/locations/us-central1/clusters/multi-cloud-gke",
            "initial_node_count": 1,
            "ip_allocation_policy": [],
            "label_fingerprint": "a9dc16a7",
            "location": "us-central1",
            "logging_config": [
              {
                "enable_components": [
                  "SYSTEM_COMPONENTS",
                  "WORKLOADS"
                ]
              }
            ],
            "logging_service": "logging.googleapis.com/kubernetes",
            "maintenance_policy": [],
            "master_auth": [
              {
                "client_certificate": "",
                "client_certificate_config": [
                  {
                    "issue_client_certificate": false
                  }
                ],
                "client_key": "",
                "cluster_ca_certificate": "LS0tLS1CRUdJTiBDRVJUSUZJQ0FURS0tLS0tCk1JSUVMVENDQXBXZ0F3SUJBZ0lSQUlPVUQ0enJiZWZrckFSM0FBb2w3aDR3RFFZSktvWklodmNOQVFFTEJRQXcKTHpFdE1Dc0dBMVVFQXhNa1pqTXlNRFExWkRNdFlXTmhOQzAwTmpKa0xUazBNMkl0WkRNMllqRmhaV0ZrTlRObApNQ0FYRFRJME1URXlPVEEzTlRnd05sb1lEekl3TlRReE1USXlNRGcxT0RBMldqQXZNUzB3S3dZRFZRUURFeVJtCk16SXdORFZrTXkxaFkyRTBMVFEyTW1RdE9UUXpZaTFrTXpaaU1XRmxZV1ExTTJVd2dnR2lNQTBHQ1NxR1NJYjMKRFFFQkFRVUFBNElCandBd2dnR0tBb0lCZ1FDMmUvVGZwakF2WEp1aWJEMEk1NjR1Yk9TTUF5dHY1TXJ3T2JzUQo4ZnlyRWozTkpyMlhGZG1qMFpFb1d5bHExV0Z4QjVRbGJhTDd3VDFvRlBUVXY5bnU4UGswOE5PdGwvNWpYc1UxCndhL2Q5MExDaEk5ckEzNFJWZ3Iyd0F1KzZPTlBVSkFCSW9PYTJnNkhiS05wbVRvSHl3WUg2V1pxSU05OGlVKysKakltTnN6Y2pNNEgreWtPYWtKdTJSd1plWlQrT1ljbU5WYW9TLy9rdDZYNnVvTHZyTWh3YU10d3IycGVYaTNHVwpJY0pUUTNma2tML1k4TGdOQ0JKZjdCSjllLzVVK3M4QnlOTG1xZ0dPK0RLRUlRVVY0dWQzWHRDOTMrTnBwWm1GCkpWTVRpd3NGNkJkLys4bDc1bmJDZmdpcmNObURpUjQreFdLbG1aVkFkUk90YWNJZm8rS2diVG8wZWVJYlM3cnEKVWJpNUZoZDFhaWFrUGp0SjlvZmxxWDkrWkR3WWNBVVo4Wld5cm9ZTjJIL041QjFQTmRFSTAwemNJbnFtTm9QWApOcTBKT1J3bSs5WE9hWENzRVBjaWsxZGtzQXdHNmhrQ1VmN0IxWk9HUUZhaWR6MEh3WGhJdjJZYVM5QktXZXhqCnBDUEd6c1hWaEZpL05qZ1pET2hNZTN3bUg0OENBd0VBQWFOQ01FQXdEZ1lEVlIwUEFRSC9CQVFEQWdJRU1BOEcKQTFVZEV3RUIvd1FGTUFNQkFmOHdIUVlEVlIwT0JCWUVGSFVJclNIbFEzSnV2ZkFQd0V5M1ovRHBvdGl1TUEwRwpDU3FHU0liM0RRRUJDd1VBQTRJQmdRQlA1OXlaWkVROVBGSzBGWk5GMElZekV4UDF5aTY0enhvNXZzVUVtV0dsCnFSVE1MSHFrYlBsajJrNGdsSHRKdDFIaElTNmxyYitpdGZvVjhkTlFVVEduZTNuOHdjL1ZDNnVXeE83eFpURWoKV21ST1JxQjk5YU5jUU15Q2tJUGxsV2FGeEZhZ0VmbHE0bmZCWVduaWFVS1FPaXpUODBLd2J6RnViaHk2VVg2OApjREg2UVJqaStwcllxNnBiR3ZnbjUxWWF0VmxCSlB2Mm91L0tzNmh2YldPMTljV2dKSGdNQjZ0dUh3VW5FU21QClpNbGpXcVdHV2RLSTM0eE9SUSttYXluZmtwN2hNK1NVYVphUzZJelBKaUVPc3RrYkJMS2JiejdONmRsR3hxa0wKNUlIS2FmTVdndnFkbnFiYzZDU2hvS016NjhvYTFXenJORmtPdnRzTlVNdzFmRkkvUlpib0lYa0FRVlBhQ3pqZApCTE4wRUpleHJaM3RiUElmaXFDNzU4TC9MQStKOS84YkhpOHJhTS9SNUZtMHFPSlFML1JYOFFRdjJOUTlMNHVvClV2Rmh5WFJjT05zaHp2QytyTW9UbHdYYXpVcXB4WUNib3lEaXNXY00rbXVwUHZxb0diR1lLaVFmaWZaZ3FEVUwKTHhnYmVCcTd0VXVBWng4U3BncUJLZEE9Ci0tLS0tRU5EIENFUlRJRklDQVRFLS0tLS0K"
              }
            ],
            "master_authorized_networks_config": [],
            "master_version": "1.30.5-gke.1443001",
            "mesh_certificates": [],
            "min_master_version": null,
            "monitoring_config": [
              {
                "advanced_datapath_observability_config": [
                  {
                    "enable_metrics": false,
                    "relay_mode": ""
                  }
                ],
                "enable_components": [
                  "SYSTEM_COMPONENTS",
                  "HPA",
                  "POD",
                  "DAEMONSET",
                  "DEPLOYMENT",
                  "STATEFULSET",
                  "STORAGE",
                  "CADVISOR",
                  "KUBELET"
                ],
                "managed_prometheus": [
                  {
                    "enabled": true
                  }
                ]
              }
            ],
            "monitoring_service": "monitoring.googleapis.com/kubernetes",
            "name": "multi-cloud-gke",
            "network": "projects/artful-athlete-443107-k5/global/networks/default",
            "network_policy": [
              {
                "enabled": false,
                "provider": "PROVIDER_UNSPECIFIED"
              }
            ],
            "networking_mode": "ROUTES",
            "node_config": [],
            "node_locations": [
              "us-central1-a",
              "us-central1-b",
              "us-central1-c"
            ],
            "node_pool": [],
            "node_pool_auto_config": [],
            "node_pool_defaults": [
              {
                "node_config_defaults": [
                  {
                    "logging_variant": "DEFAULT"
                  }
                ]
              }
            ],
            "node_version": "1.30.5-gke.1443001",
            "notification_config": [
              {
                "pubsub": [
                  {
                    "enabled": false,
                    "filter": [],
                    "topic": ""
                  }
                ]
              }
            ],
            "operation": null,
            "private_cluster_config": [
              {
                "enable_private_endpoint": false,
                "enable_private_nodes": false,
                "master_global_access_config": [
                  {
                    "enabled": false
                  }
                ],
                "master_ipv4_cidr_block": "",
                "peering_name": "",
                "private_endpoint": "10.128.0.14",
                "private_endpoint_subnetwork": "",
                "public_endpoint": "34.16.13.0"
              }
            ],
            "private_ipv6_google_access": "",
            "project": "artful-athlete-443107-k5",
            "release_channel": [
              {
                "channel": "REGULAR"
              }
            ],
            "remove_default_node_pool": true,
            "resource_labels": null,
            "resource_usage_export_config": [],
            "security_posture_config": [
              {
                "mode": "BASIC",
                "vulnerability_mode": "VULNERABILITY_MODE_UNSPECIFIED"
              }
            ],
            "self_link": "https://container.googleapis.com/v1/projects/artful-athlete-443107-k5/locations/us-central1/clusters/multi-cloud-gke",
            "service_external_ips_config": [
              {
                "enabled": false
              }
            ],
            "services_ipv4_cidr": "10.35.240.0/20",
            "subnetwork": "projects/artful-athlete-443107-k5/regions/us-central1/subnetworks/default",
            "timeouts": null,
            "tpu_ipv4_cidr_block": "",
            "vertical_pod_autoscaling": [],
            "workload_identity_config": []
          },
          "sensitive_attributes": [
            [
              {
                "type": "get_attr",
                "value": "master_auth"
              },
              {
                "type": "index",
                "value": {
                  "value": 0,
                  "type": "number"
                }
              },
              {
                "type": "get_attr",
                "value": "client_key"
              }
            ]
          ],
          "private": "eyJlMmJmYjczMC1lY2FhLTExZTYtOGY4OC0zNDM2M2JjN2M0YzAiOnsiY3JlYXRlIjoyNDAwMDAwMDAwMDAwLCJkZWxldGUiOjI0MDAwMDAwMDAwMDAsInJlYWQiOjI0MDAwMDAwMDAwMDAsInVwZGF0ZSI6MzYwMDAwMDAwMDAwMH0sInNjaGVtYV92ZXJzaW9uIjoiMSJ9"
        }
      ]
    },
    {
      "module": "module.gcp",
      "mode": "managed",
      "type": "google_container_node_pool",
      "name": "primary_nodes",
      "provider": "module.gcp.provider[\"registry.terraform.io/hashicorp/google\"]",
      "instances": [
        {
          "schema_version": 1,
          "attributes": {
            "autoscaling": [],
            "cluster": "multi-cloud-gke",
            "id": "projects/artful-athlete-443107-k5/locations/us-central1/clusters/multi-cloud-gke/nodePools/primary-node-pool",
            "initial_node_count": 1,
            "instance_group_urls": [
              "https://www.googleapis.com/compute/v1/projects/artful-athlete-443107-k5/zones/us-central1-a/instanceGroupManagers/gke-multi-cloud-gke-primary-node-pool-d9fbd8e3-grp",
              "https://www.googleapis.com/compute/v1/projects/artful-athlete-443107-k5/zones/us-central1-c/instanceGroupManagers/gke-multi-cloud-gke-primary-node-pool-b862f033-grp",
              "https://www.googleapis.com/compute/v1/projects/artful-athlete-443107-k5/zones/us-central1-b/instanceGroupManagers/gke-multi-cloud-gke-primary-node-pool-a880661c-grp"
            ],
            "location": "us-central1",
            "managed_instance_group_urls": [
              "https://www.googleapis.com/compute/v1/projects/artful-athlete-443107-k5/zones/us-central1-a/instanceGroups/gke-multi-cloud-gke-primary-node-pool-d9fbd8e3-grp",
              "https://www.googleapis.com/compute/v1/projects/artful-athlete-443107-k5/zones/us-central1-c/instanceGroups/gke-multi-cloud-gke-primary-node-pool-b862f033-grp",
              "https://www.googleapis.com/compute/v1/projects/artful-athlete-443107-k5/zones/us-central1-b/instanceGroups/gke-multi-cloud-gke-primary-node-pool-a880661c-grp"
            ],
            "management": [
              {
                "auto_repair": true,
                "auto_upgrade": true
              }
            ],
            "max_pods_per_node": null,
            "name": "primary-node-pool",
            "name_prefix": "",
            "network_config": [],
            "node_config": [
              {
                "advanced_machine_features": [],
                "boot_disk_kms_key": "",
                "confidential_nodes": [],
                "disk_size_gb": 50,
                "disk_type": "pd-balanced",
                "ephemeral_storage_local_ssd_config": [],
                "fast_socket": [],
                "gcfs_config": [],
                "guest_accelerator": [],
                "gvnic": [],
                "host_maintenance_policy": [],
                "image_type": "COS_CONTAINERD",
                "kubelet_config": [],
                "labels": {},
                "linux_node_config": [],
                "local_nvme_ssd_block_config": [],
                "local_ssd_count": 0,
                "logging_variant": "DEFAULT",
                "machine_type": "e2-medium",
                "metadata": {
                  "disable-legacy-endpoints": "true"
                },
                "min_cpu_platform": "",
                "node_group": "",
                "oauth_scopes": [
                  "https://www.googleapis.com/auth/devstorage.read_only",
                  "https://www.googleapis.com/auth/logging.write",
                  "https://www.googleapis.com/auth/monitoring",
                  "https://www.googleapis.com/auth/service.management.readonly",
                  "https://www.googleapis.com/auth/servicecontrol",
                  "https://www.googleapis.com/auth/trace.append"
                ],
                "preemptible": false,
                "reservation_affinity": [],
                "resource_labels": null,
                "service_account": "default",
                "shielded_instance_config": [
                  {
                    "enable_integrity_monitoring": true,
                    "enable_secure_boot": false
                  }
                ],
                "sole_tenant_config": [],
                "spot": false,
                "tags": null,
                "taint": [],
                "workload_metadata_config": []
              }
            ],
            "node_count": 1,
            "node_locations": [
              "us-central1-a",
              "us-central1-b",
              "us-central1-c"
            ],
            "operation": null,
            "placement_policy": [],
            "project": "artful-athlete-443107-k5",
            "timeouts": null,
            "upgrade_settings": [
              {
                "blue_green_settings": [],
                "max_surge": 1,
                "max_unavailable": 0,
                "strategy": "SURGE"
              }
            ],
            "version": "1.30.5-gke.1443001"
          },
          "sensitive_attributes": [],
          "private": "eyJlMmJmYjczMC1lY2FhLTExZTYtOGY4OC0zNDM2M2JjN2M0YzAiOnsiY3JlYXRlIjoxODAwMDAwMDAwMDAwLCJkZWxldGUiOjE4MDAwMDAwMDAwMDAsInVwZGF0ZSI6MTgwMDAwMDAwMDAwMH0sInNjaGVtYV92ZXJzaW9uIjoiMSJ9",
          "dependencies": [
            "module.gcp.google_container_cluster.gke"
          ]
        }
      ]
    }
  ],
  "check_results": null
}
